
Microsoft Visual Studio Solution File, Format Version 12.00
# Visual Studio 15
VisualStudioVersion = 15.0.27428.2002
MinimumVisualStudioVersion = 10.0.40219.1
Project("{FAE04EC0-301F-11D3-BF4B-00C04F79EFBC}") = "pageCount", "pageCount\pageCount.csproj", "{A8AFE58C-F2B5-47A0-9E59-254726DFB596}"
EndProject
Global
	GlobalSection(SolutionConfigurationPlatforms) = preSolution
		Debug|Any CPU = Debug|Any CPU
		Release|Any CPU = Release|Any CPU
	EndGlobalSection
	GlobalSection(ProjectConfigurationPlatforms) = postSolution
		{A8AFE58C-F2B5-47A0-9E59-254726DFB596}.Debug|Any CPU.ActiveCfg = Debug|Any CPU
		{A8AFE58C-F2B5-47A0-9E59-254726DFB596}.Debug|Any CPU.Build.0 = Debug|Any CPU
		{A8AFE58C-F2B5-47A0-9E59-254726DFB596}.Release|Any CPU.ActiveCfg = Release|Any CPU
		{A8AFE58C-F2B5-47A0-9E59-254726DFB596}.Release|Any CPU.Build.0 = Release|Any CPU
	EndGlobalSection
	GlobalSection(SolutionProperties) = preSolution
		HideSolutionNode = FALSE
	EndGlobalSection
	GlobalSection(ExtensibilityGlobals) = postSolution
		SolutionGuid = {9174382B-AF00-4F6D-8A45-97CC6EECDAC1}
	EndGlobalSection
EndGlobal
