
Microsoft Visual Studio Solution File, Format Version 12.00
# Visual Studio 15
VisualStudioVersion = 15.0.27428.2002
MinimumVisualStudioVersion = 10.0.40219.1
Project("{FAE04EC0-301F-11D3-BF4B-00C04F79EFBC}") = "diagonalDifference", "diagonalDifference\diagonalDifference.csproj", "{657FC855-C5EF-44C7-B631-FB2D5F03E301}"
EndProject
Global
	GlobalSection(SolutionConfigurationPlatforms) = preSolution
		Debug|Any CPU = Debug|Any CPU
		Release|Any CPU = Release|Any CPU
	EndGlobalSection
	GlobalSection(ProjectConfigurationPlatforms) = postSolution
		{657FC855-C5EF-44C7-B631-FB2D5F03E301}.Debug|Any CPU.ActiveCfg = Debug|Any CPU
		{657FC855-C5EF-44C7-B631-FB2D5F03E301}.Debug|Any CPU.Build.0 = Debug|Any CPU
		{657FC855-C5EF-44C7-B631-FB2D5F03E301}.Release|Any CPU.ActiveCfg = Release|Any CPU
		{657FC855-C5EF-44C7-B631-FB2D5F03E301}.Release|Any CPU.Build.0 = Release|Any CPU
	EndGlobalSection
	GlobalSection(SolutionProperties) = preSolution
		HideSolutionNode = FALSE
	EndGlobalSection
	GlobalSection(ExtensibilityGlobals) = postSolution
		SolutionGuid = {52EAF68B-33C1-41DC-B64C-27DAD1C413F6}
	EndGlobalSection
EndGlobal
